// !$*UTF8*$!
{
	archiveVersion = 1;
	classes = {
	};
	objectVersion = 50;
	objects = {

/* Begin PBXBuildFile section */
		4A72C7A424B3593400CA7106 /* AppDelegate.swift in Sources */ = {isa = PBXBuildFile; fileRef = 4A72C7A324B3593400CA7106 /* AppDelegate.swift */; };
		4A72C7A624B3593400CA7106 /* ViewController.swift in Sources */ = {isa = PBXBuildFile; fileRef = 4A72C7A524B3593400CA7106 /* ViewController.swift */; };
		4A72C7A824B3593600CA7106 /* Assets.xcassets in Resources */ = {isa = PBXBuildFile; fileRef = 4A72C7A724B3593600CA7106 /* Assets.xcassets */; };
		4A72C7AB24B3593600CA7106 /* Main.storyboard in Resources */ = {isa = PBXBuildFile; fileRef = 4A72C7A924B3593600CA7106 /* Main.storyboard */; };
		4A72C7B724B3593600CA7106 /* Font_ViewerTests.swift in Sources */ = {isa = PBXBuildFile; fileRef = 4A72C7B624B3593600CA7106 /* Font_ViewerTests.swift */; };
		4A72C7C224B3593600CA7106 /* Font_ViewerUITests.swift in Sources */ = {isa = PBXBuildFile; fileRef = 4A72C7C124B3593600CA7106 /* Font_ViewerUITests.swift */; };
/* End PBXBuildFile section */

/* Begin PBXContainerItemProxy section */
		4A72C7B324B3593600CA7106 /* PBXContainerItemProxy */ = {
			isa = PBXContainerItemProxy;
			containerPortal = 4A72C79824B3593400CA7106 /* Project object */;
			proxyType = 1;
			remoteGlobalIDString = 4A72C79F24B3593400CA7106;
			remoteInfo = "Font Viewer";
		};
		4A72C7BE24B3593600CA7106 /* PBXContainerItemProxy */ = {
			isa = PBXContainerItemProxy;
			containerPortal = 4A72C79824B3593400CA7106 /* Project object */;
			proxyType = 1;
			remoteGlobalIDString = 4A72C79F24B3593400CA7106;
			remoteInfo = "Font Viewer";
		};
/* End PBXContainerItemProxy section */

/* Begin PBXFileReference section */
		4A72C7A024B3593400CA7106 /* Font Viewer.app */ = {isa = PBXFileReference; explicitFileType = wrapper.application; includeInIndex = 0; path = "Font Viewer.app"; sourceTree = BUILT_PRODUCTS_DIR; };
		4A72C7A324B3593400CA7106 /* AppDelegate.swift */ = {isa = PBXFileReference; lastKnownFileType = sourcecode.swift; path = AppDelegate.swift; sourceTree = "<group>"; };
		4A72C7A524B3593400CA7106 /* ViewController.swift */ = {isa = PBXFileReference; lastKnownFileType = sourcecode.swift; path = ViewController.swift; sourceTree = "<group>"; };
		4A72C7A724B3593600CA7106 /* Assets.xcassets */ = {isa = PBXFileReference; lastKnownFileType = folder.assetcatalog; path = Assets.xcassets; sourceTree = "<group>"; };
		4A72C7AA24B3593600CA7106 /* Base */ = {isa = PBXFileReference; lastKnownFileType = file.storyboard; name = Base; path = Base.lproj/Main.storyboard; sourceTree = "<group>"; };
		4A72C7AC24B3593600CA7106 /* Info.plist */ = {isa = PBXFileReference; lastKnownFileType = text.plist.xml; path = Info.plist; sourceTree = "<group>"; };
		4A72C7AD24B3593600CA7106 /* Font_Viewer.entitlements */ = {isa = PBXFileReference; lastKnownFileType = text.plist.entitlements; path = Font_Viewer.entitlements; sourceTree = "<group>"; };
		4A72C7B224B3593600CA7106 /* Font ViewerTests.xctest */ = {isa = PBXFileReference; explicitFileType = wrapper.cfbundle; includeInIndex = 0; path = "Font ViewerTests.xctest"; sourceTree = BUILT_PRODUCTS_DIR; };
		4A72C7B624B3593600CA7106 /* Font_ViewerTests.swift */ = {isa = PBXFileReference; lastKnownFileType = sourcecode.swift; path = Font_ViewerTests.swift; sourceTree = "<group>"; };
		4A72C7B824B3593600CA7106 /* Info.plist */ = {isa = PBXFileReference; lastKnownFileType = text.plist.xml; path = Info.plist; sourceTree = "<group>"; };
		4A72C7BD24B3593600CA7106 /* Font ViewerUITests.xctest */ = {isa = PBXFileReference; explicitFileType = wrapper.cfbundle; includeInIndex = 0; path = "Font ViewerUITests.xctest"; sourceTree = BUILT_PRODUCTS_DIR; };
		4A72C7C124B3593600CA7106 /* Font_ViewerUITests.swift */ = {isa = PBXFileReference; lastKnownFileType = sourcecode.swift; path = Font_ViewerUITests.swift; sourceTree = "<group>"; };
		4A72C7C324B3593600CA7106 /* Info.plist */ = {isa = PBXFileReference; lastKnownFileType = text.plist.xml; path = Info.plist; sourceTree = "<group>"; };
/* End PBXFileReference section */

/* Begin PBXFrameworksBuildPhase section */
		4A72C79D24B3593400CA7106 /* Frameworks */ = {
			isa = PBXFrameworksBuildPhase;
			buildActionMask = 2147483647;
			files = (
			);
			runOnlyForDeploymentPostprocessing = 0;
		};
		4A72C7AF24B3593600CA7106 /* Frameworks */ = {
			isa = PBXFrameworksBuildPhase;
			buildActionMask = 2147483647;
			files = (
			);
			runOnlyForDeploymentPostprocessing = 0;
		};
		4A72C7BA24B3593600CA7106 /* Frameworks */ = {
			isa = PBXFrameworksBuildPhase;
			buildActionMask = 2147483647;
			files = (
			);
			runOnlyForDeploymentPostprocessing = 0;
		};
/* End PBXFrameworksBuildPhase section */

/* Begin PBXGroup section */
		4A72C79724B3593400CA7106 = {
			isa = PBXGroup;
			children = (
				4A72C7A224B3593400CA7106 /* Font Viewer */,
				4A72C7B524B3593600CA7106 /* Font ViewerTests */,
				4A72C7C024B3593600CA7106 /* Font ViewerUITests */,
				4A72C7A124B3593400CA7106 /* Products */,
			);
			sourceTree = "<group>";
		};
		4A72C7A124B3593400CA7106 /* Products */ = {
			isa = PBXGroup;
			children = (
				4A72C7A024B3593400CA7106 /* Font Viewer.app */,
				4A72C7B224B3593600CA7106 /* Font ViewerTests.xctest */,
				4A72C7BD24B3593600CA7106 /* Font ViewerUITests.xctest */,
			);
			name = Products;
			sourceTree = "<group>";
		};
		4A72C7A224B3593400CA7106 /* Font Viewer */ = {
			isa = PBXGroup;
			children = (
				4A72C7A324B3593400CA7106 /* AppDelegate.swift */,
				4A72C7A524B3593400CA7106 /* ViewController.swift */,
				4A72C7A724B3593600CA7106 /* Assets.xcassets */,
				4A72C7A924B3593600CA7106 /* Main.storyboard */,
				4A72C7AC24B3593600CA7106 /* Info.plist */,
				4A72C7AD24B3593600CA7106 /* Font_Viewer.entitlements */,
			);
			path = "Font Viewer";
			sourceTree = "<group>";
		};
		4A72C7B524B3593600CA7106 /* Font ViewerTests */ = {
			isa = PBXGroup;
			children = (
				4A72C7B624B3593600CA7106 /* Font_ViewerTests.swift */,
				4A72C7B824B3593600CA7106 /* Info.plist */,
			);
			path = "Font ViewerTests";
			sourceTree = "<group>";
		};
		4A72C7C024B3593600CA7106 /* Font ViewerUITests */ = {
			isa = PBXGroup;
			children = (
				4A72C7C124B3593600CA7106 /* Font_ViewerUITests.swift */,
				4A72C7C324B3593600CA7106 /* Info.plist */,
			);
			path = "Font ViewerUITests";
			sourceTree = "<group>";
		};
/* End PBXGroup section */

/* Begin PBXNativeTarget section */
		4A72C79F24B3593400CA7106 /* Font Viewer */ = {
			isa = PBXNativeTarget;
			buildConfigurationList = 4A72C7C624B3593600CA7106 /* Build configuration list for PBXNativeTarget "Font Viewer" */;
			buildPhases = (
				4A72C79C24B3593400CA7106 /* Sources */,
				4A72C79D24B3593400CA7106 /* Frameworks */,
				4A72C79E24B3593400CA7106 /* Resources */,
			);
			buildRules = (
			);
			dependencies = (
			);
			name = "Font Viewer";
			productName = "Font Viewer";
			productReference = 4A72C7A024B3593400CA7106 /* Font Viewer.app */;
			productType = "com.apple.product-type.application";
		};
		4A72C7B124B3593600CA7106 /* Font ViewerTests */ = {
			isa = PBXNativeTarget;
			buildConfigurationList = 4A72C7C924B3593600CA7106 /* Build configuration list for PBXNativeTarget "Font ViewerTests" */;
			buildPhases = (
				4A72C7AE24B3593600CA7106 /* Sources */,
				4A72C7AF24B3593600CA7106 /* Frameworks */,
				4A72C7B024B3593600CA7106 /* Resources */,
			);
			buildRules = (
			);
			dependencies = (
				4A72C7B424B3593600CA7106 /* PBXTargetDependency */,
			);
			name = "Font ViewerTests";
			productName = "Font ViewerTests";
			productReference = 4A72C7B224B3593600CA7106 /* Font ViewerTests.xctest */;
			productType = "com.apple.product-type.bundle.unit-test";
		};
		4A72C7BC24B3593600CA7106 /* Font ViewerUITests */ = {
			isa = PBXNativeTarget;
			buildConfigurationList = 4A72C7CC24B3593600CA7106 /* Build configuration list for PBXNativeTarget "Font ViewerUITests" */;
			buildPhases = (
				4A72C7B924B3593600CA7106 /* Sources */,
				4A72C7BA24B3593600CA7106 /* Frameworks */,
				4A72C7BB24B3593600CA7106 /* Resources */,
			);
			buildRules = (
			);
			dependencies = (
				4A72C7BF24B3593600CA7106 /* PBXTargetDependency */,
			);
			name = "Font ViewerUITests";
			productName = "Font ViewerUITests";
			productReference = 4A72C7BD24B3593600CA7106 /* Font ViewerUITests.xctest */;
			productType = "com.apple.product-type.bundle.ui-testing";
		};
/* End PBXNativeTarget section */

/* Begin PBXProject section */
		4A72C79824B3593400CA7106 /* Project object */ = {
			isa = PBXProject;
			attributes = {
				LastSwiftUpdateCheck = 1150;
				LastUpgradeCheck = 1150;
				ORGANIZATIONNAME = "Yeonho Lee";
				TargetAttributes = {
					4A72C79F24B3593400CA7106 = {
						CreatedOnToolsVersion = 11.5;
					};
					4A72C7B124B3593600CA7106 = {
						CreatedOnToolsVersion = 11.5;
						TestTargetID = 4A72C79F24B3593400CA7106;
					};
					4A72C7BC24B3593600CA7106 = {
						CreatedOnToolsVersion = 11.5;
						TestTargetID = 4A72C79F24B3593400CA7106;
					};
				};
			};
			buildConfigurationList = 4A72C79B24B3593400CA7106 /* Build configuration list for PBXProject "Font Viewer" */;
			compatibilityVersion = "Xcode 9.3";
			developmentRegion = en;
			hasScannedForEncodings = 0;
			knownRegions = (
				en,
				Base,
			);
			mainGroup = 4A72C79724B3593400CA7106;
			productRefGroup = 4A72C7A124B3593400CA7106 /* Products */;
			projectDirPath = "";
			projectRoot = "";
			targets = (
				4A72C79F24B3593400CA7106 /* Font Viewer */,
				4A72C7B124B3593600CA7106 /* Font ViewerTests */,
				4A72C7BC24B3593600CA7106 /* Font ViewerUITests */,
			);
		};
/* End PBXProject section */

/* Begin PBXResourcesBuildPhase section */
		4A72C79E24B3593400CA7106 /* Resources */ = {
			isa = PBXResourcesBuildPhase;
			buildActionMask = 2147483647;
			files = (
				4A72C7A824B3593600CA7106 /* Assets.xcassets in Resources */,
				4A72C7AB24B3593600CA7106 /* Main.storyboard in Resources */,
			);
			runOnlyForDeploymentPostprocessing = 0;
		};
		4A72C7B024B3593600CA7106 /* Resources */ = {
			isa = PBXResourcesBuildPhase;
			buildActionMask = 2147483647;
			files = (
			);
			runOnlyForDeploymentPostprocessing = 0;
		};
		4A72C7BB24B3593600CA7106 /* Resources */ = {
			isa = PBXResourcesBuildPhase;
			buildActionMask = 2147483647;
			files = (
			);
			runOnlyForDeploymentPostprocessing = 0;
		};
/* End PBXResourcesBuildPhase section */

/* Begin PBXSourcesBuildPhase section */
		4A72C79C24B3593400CA7106 /* Sources */ = {
			isa = PBXSourcesBuildPhase;
			buildActionMask = 2147483647;
			files = (
				4A72C7A624B3593400CA7106 /* ViewController.swift in Sources */,
				4A72C7A424B3593400CA7106 /* AppDelegate.swift in Sources */,
			);
			runOnlyForDeploymentPostprocessing = 0;
		};
		4A72C7AE24B3593600CA7106 /* Sources */ = {
			isa = PBXSourcesBuildPhase;
			buildActionMask = 2147483647;
			files = (
				4A72C7B724B3593600CA7106 /* Font_ViewerTests.swift in Sources */,
			);
			runOnlyForDeploymentPostprocessing = 0;
		};
		4A72C7B924B3593600CA7106 /* Sources */ = {
			isa = PBXSourcesBuildPhase;
			buildActionMask = 2147483647;
			files = (
				4A72C7C224B3593600CA7106 /* Font_ViewerUITests.swift in Sources */,
			);
			runOnlyForDeploymentPostprocessing = 0;
		};
/* End PBXSourcesBuildPhase section */

/* Begin PBXTargetDependency section */
		4A72C7B424B3593600CA7106 /* PBXTargetDependency */ = {
			isa = PBXTargetDependency;
			target = 4A72C79F24B3593400CA7106 /* Font Viewer */;
			targetProxy = 4A72C7B324B3593600CA7106 /* PBXContainerItemProxy */;
		};
		4A72C7BF24B3593600CA7106 /* PBXTargetDependency */ = {
			isa = PBXTargetDependency;
			target = 4A72C79F24B3593400CA7106 /* Font Viewer */;
			targetProxy = 4A72C7BE24B3593600CA7106 /* PBXContainerItemProxy */;
		};
/* End PBXTargetDependency section */

/* Begin PBXVariantGroup section */
		4A72C7A924B3593600CA7106 /* Main.storyboard */ = {
			isa = PBXVariantGroup;
			children = (
				4A72C7AA24B3593600CA7106 /* Base */,
			);
			name = Main.storyboard;
			sourceTree = "<group>";
		};
/* End PBXVariantGroup section */

/* Begin XCBuildConfiguration section */
		4A72C7C424B3593600CA7106 /* Debug */ = {
			isa = XCBuildConfiguration;
			buildSettings = {
				ALWAYS_SEARCH_USER_PATHS = NO;
				CLANG_ANALYZER_NONNULL = YES;
				CLANG_ANALYZER_NUMBER_OBJECT_CONVERSION = YES_AGGRESSIVE;
				CLANG_CXX_LANGUAGE_STANDARD = "gnu++14";
				CLANG_CXX_LIBRARY = "libc++";
				CLANG_ENABLE_MODULES = YES;
				CLANG_ENABLE_OBJC_ARC = YES;
				CLANG_ENABLE_OBJC_WEAK = YES;
				CLANG_WARN_BLOCK_CAPTURE_AUTORELEASING = YES;
				CLANG_WARN_BOOL_CONVERSION = YES;
				CLANG_WARN_COMMA = YES;
				CLANG_WARN_CONSTANT_CONVERSION = YES;
				CLANG_WARN_DEPRECATED_OBJC_IMPLEMENTATIONS = YES;
				CLANG_WARN_DIRECT_OBJC_ISA_USAGE = YES_ERROR;
				CLANG_WARN_DOCUMENTATION_COMMENTS = YES;
				CLANG_WARN_EMPTY_BODY = YES;
				CLANG_WARN_ENUM_CONVERSION = YES;
				CLANG_WARN_INFINITE_RECURSION = YES;
				CLANG_WARN_INT_CONVERSION = YES;
				CLANG_WARN_NON_LITERAL_NULL_CONVERSION = YES;
				CLANG_WARN_OBJC_IMPLICIT_RETAIN_SELF = YES;
				CLANG_WARN_OBJC_LITERAL_CONVERSION = YES;
				CLANG_WARN_OBJC_ROOT_CLASS = YES_ERROR;
				CLANG_WARN_RANGE_LOOP_ANALYSIS = YES;
				CLANG_WARN_STRICT_PROTOTYPES = YES;
				CLANG_WARN_SUSPICIOUS_MOVE = YES;
				CLANG_WARN_UNGUARDED_AVAILABILITY = YES_AGGRESSIVE;
				CLANG_WARN_UNREACHABLE_CODE = YES;
				CLANG_WARN__DUPLICATE_METHOD_MATCH = YES;
				COPY_PHASE_STRIP = NO;
				DEBUG_INFORMATION_FORMAT = dwarf;
				ENABLE_STRICT_OBJC_MSGSEND = YES;
				ENABLE_TESTABILITY = YES;
				GCC_C_LANGUAGE_STANDARD = gnu11;
				GCC_DYNAMIC_NO_PIC = NO;
				GCC_NO_COMMON_BLOCKS = YES;
				GCC_OPTIMIZATION_LEVEL = 0;
				GCC_PREPROCESSOR_DEFINITIONS = (
					"DEBUG=1",
					"$(inherited)",
				);
				GCC_WARN_64_TO_32_BIT_CONVERSION = YES;
				GCC_WARN_ABOUT_RETURN_TYPE = YES_ERROR;
				GCC_WARN_UNDECLARED_SELECTOR = YES;
				GCC_WARN_UNINITIALIZED_AUTOS = YES_AGGRESSIVE;
				GCC_WARN_UNUSED_FUNCTION = YES;
				GCC_WARN_UNUSED_VARIABLE = YES;
				MACOSX_DEPLOYMENT_TARGET = 10.16;
				MTL_ENABLE_DEBUG_INFO = INCLUDE_SOURCE;
				MTL_FAST_MATH = YES;
				ONLY_ACTIVE_ARCH = YES;
				SDKROOT = macosx;
				SWIFT_ACTIVE_COMPILATION_CONDITIONS = DEBUG;
				SWIFT_OPTIMIZATION_LEVEL = "-Onone";
			};
			name = Debug;
		};
		4A72C7C524B3593600CA7106 /* Release */ = {
			isa = XCBuildConfiguration;
			buildSettings = {
				ALWAYS_SEARCH_USER_PATHS = NO;
				CLANG_ANALYZER_NONNULL = YES;
				CLANG_ANALYZER_NUMBER_OBJECT_CONVERSION = YES_AGGRESSIVE;
				CLANG_CXX_LANGUAGE_STANDARD = "gnu++14";
				CLANG_CXX_LIBRARY = "libc++";
				CLANG_ENABLE_MODULES = YES;
				CLANG_ENABLE_OBJC_ARC = YES;
				CLANG_ENABLE_OBJC_WEAK = YES;
				CLANG_WARN_BLOCK_CAPTURE_AUTORELEASING = YES;
				CLANG_WARN_BOOL_CONVERSION = YES;
				CLANG_WARN_COMMA = YES;
				CLANG_WARN_CONSTANT_CONVERSION = YES;
				CLANG_WARN_DEPRECATED_OBJC_IMPLEMENTATIONS = YES;
				CLANG_WARN_DIRECT_OBJC_ISA_USAGE = YES_ERROR;
				CLANG_WARN_DOCUMENTATION_COMMENTS = YES;
				CLANG_WARN_EMPTY_BODY = YES;
				CLANG_WARN_ENUM_CONVERSION = YES;
				CLANG_WARN_INFINITE_RECURSION = YES;
				CLANG_WARN_INT_CONVERSION = YES;
				CLANG_WARN_NON_LITERAL_NULL_CONVERSION = YES;
				CLANG_WARN_OBJC_IMPLICIT_RETAIN_SELF = YES;
				CLANG_WARN_OBJC_LITERAL_CONVERSION = YES;
				CLANG_WARN_OBJC_ROOT_CLASS = YES_ERROR;
				CLANG_WARN_RANGE_LOOP_ANALYSIS = YES;
				CLANG_WARN_STRICT_PROTOTYPES = YES;
				CLANG_WARN_SUSPICIOUS_MOVE = YES;
				CLANG_WARN_UNGUARDED_AVAILABILITY = YES_AGGRESSIVE;
				CLANG_WARN_UNREACHABLE_CODE = YES;
				CLANG_WARN__DUPLICATE_METHOD_MATCH = YES;
				COPY_PHASE_STRIP = NO;
				DEBUG_INFORMATION_FORMAT = "dwarf-with-dsym";
				ENABLE_NS_ASSERTIONS = NO;
				ENABLE_STRICT_OBJC_MSGSEND = YES;
				GCC_C_LANGUAGE_STANDARD = gnu11;
				GCC_NO_COMMON_BLOCKS = YES;
				GCC_WARN_64_TO_32_BIT_CONVERSION = YES;
				GCC_WARN_ABOUT_RETURN_TYPE = YES_ERROR;
				GCC_WARN_UNDECLARED_SELECTOR = YES;
				GCC_WARN_UNINITIALIZED_AUTOS = YES_AGGRESSIVE;
				GCC_WARN_UNUSED_FUNCTION = YES;
				GCC_WARN_UNUSED_VARIABLE = YES;
				MACOSX_DEPLOYMENT_TARGET = 10.16;
				MTL_ENABLE_DEBUG_INFO = NO;
				MTL_FAST_MATH = YES;
				SDKROOT = macosx;
				SWIFT_COMPILATION_MODE = wholemodule;
				SWIFT_OPTIMIZATION_LEVEL = "-O";
			};
			name = Release;
		};
		4A72C7C724B3593600CA7106 /* Debug */ = {
			isa = XCBuildConfiguration;
			buildSettings = {
				ASSETCATALOG_COMPILER_APPICON_NAME = AppIcon;
				CODE_SIGN_ENTITLEMENTS = "Font Viewer/Font_Viewer.entitlements";
				CODE_SIGN_STYLE = Automatic;
				COMBINE_HIDPI_IMAGES = YES;
				DEVELOPMENT_TEAM = 8QAUNWH3F4;
				ENABLE_HARDENED_RUNTIME = YES;
				INFOPLIST_FILE = "Font Viewer/Info.plist";
				LD_RUNPATH_SEARCH_PATHS = (
					"$(inherited)",
					"@executable_path/../Frameworks",
				);
				PRODUCT_BUNDLE_IDENTIFIER = "io.github.yeonho1.Font-Viewer";
				PRODUCT_NAME = "$(TARGET_NAME)";
				SWIFT_VERSION = 5.0;
			};
			name = Debug;
		};
		4A72C7C824B3593600CA7106 /* Release */ = {
			isa = XCBuildConfiguration;
			buildSettings = {
				ASSETCATALOG_COMPILER_APPICON_NAME = AppIcon;
				CODE_SIGN_ENTITLEMENTS = "Font Viewer/Font_Viewer.entitlements";
				CODE_SIGN_STYLE = Automatic;
				COMBINE_HIDPI_IMAGES = YES;
				DEVELOPMENT_TEAM = 8QAUNWH3F4;
				ENABLE_HARDENED_RUNTIME = YES;
				INFOPLIST_FILE = "Font Viewer/Info.plist";
				LD_RUNPATH_SEARCH_PATHS = (
					"$(inherited)",
					"@executable_path/../Frameworks",
				);
				PRODUCT_BUNDLE_IDENTIFIER = "io.github.yeonho1.Font-Viewer";
				PRODUCT_NAME = "$(TARGET_NAME)";
				SWIFT_VERSION = 5.0;
			};
			name = Release;
		};
		4A72C7CA24B3593600CA7106 /* Debug */ = {
			isa = XCBuildConfiguration;
			buildSettings = {
				ALWAYS_EMBED_SWIFT_STANDARD_LIBRARIES = YES;
				BUNDLE_LOADER = "$(TEST_HOST)";
				CODE_SIGN_STYLE = Automatic;
				COMBINE_HIDPI_IMAGES = YES;
				DEVELOPMENT_TEAM = 8QAUNWH3F4;
				INFOPLIST_FILE = "Font ViewerTests/Info.plist";
				LD_RUNPATH_SEARCH_PATHS = (
					"$(inherited)",
					"@executable_path/../Frameworks",
					"@loader_path/../Frameworks",
				);
				MACOSX_DEPLOYMENT_TARGET = 10.16;
				PRODUCT_BUNDLE_IDENTIFIER = "io.github.yeonho1.Font-ViewerTests";
				PRODUCT_NAME = "$(TARGET_NAME)";
				SWIFT_VERSION = 5.0;
				TEST_HOST = "$(BUILT_PRODUCTS_DIR)/Font Viewer.app/Contents/MacOS/Font Viewer";
			};
			name = Debug;
		};
		4A72C7CB24B3593600CA7106 /* Release */ = {
			isa = XCBuildConfiguration;
			buildSettings = {
				ALWAYS_EMBED_SWIFT_STANDARD_LIBRARIES = YES;
				BUNDLE_LOADER = "$(TEST_HOST)";
				CODE_SIGN_STYLE = Automatic;
				COMBINE_HIDPI_IMAGES = YES;
				DEVELOPMENT_TEAM = 8QAUNWH3F4;
				INFOPLIST_FILE = "Font ViewerTests/Info.plist";
				LD_RUNPATH_SEARCH_PATHS = (
					"$(inherited)",
					"@executable_path/../Frameworks",
					"@loader_path/../Frameworks",
				);
				MACOSX_DEPLOYMENT_TARGET = 10.16;
				PRODUCT_BUNDLE_IDENTIFIER = "io.github.yeonho1.Font-ViewerTests";
				PRODUCT_NAME = "$(TARGET_NAME)";
				SWIFT_VERSION = 5.0;
				TEST_HOST = "$(BUILT_PRODUCTS_DIR)/Font Viewer.app/Contents/MacOS/Font Viewer";
			};
			name = Release;
		};
		4A72C7CD24B3593600CA7106 /* Debug */ = {
			isa = XCBuildConfiguration;
			buildSettings = {
				ALWAYS_EMBED_SWIFT_STANDARD_LIBRARIES = YES;
				CODE_SIGN_STYLE = Automatic;
				COMBINE_HIDPI_IMAGES = YES;
				DEVELOPMENT_TEAM = 8QAUNWH3F4;
				INFOPLIST_FILE = "Font ViewerUITests/Info.plist";
				LD_RUNPATH_SEARCH_PATHS = (
					"$(inherited)",
					"@executable_path/../Frameworks",
					"@loader_path/../Frameworks",
				);
				PRODUCT_BUNDLE_IDENTIFIER = "io.github.yeonho1.Font-ViewerUITests";
				PRODUCT_NAME = "$(TARGET_NAME)";
				SWIFT_VERSION = 5.0;
				TEST_TARGET_NAME = "Font Viewer";
			};
			name = Debug;
		};
		4A72C7CE24B3593600CA7106 /* Release */ = {
			isa = XCBuildConfiguration;
			buildSettings = {
				ALWAYS_EMBED_SWIFT_STANDARD_LIBRARIES = YES;
				CODE_SIGN_STYLE = Automatic;
				COMBINE_HIDPI_IMAGES = YES;
				DEVELOPMENT_TEAM = 8QAUNWH3F4;
				INFOPLIST_FILE = "Font ViewerUITests/Info.plist";
				LD_RUNPATH_SEARCH_PATHS = (
					"$(inherited)",
					"@executable_path/../Frameworks",
					"@loader_path/../Frameworks",
				);
				PRODUCT_BUNDLE_IDENTIFIER = "io.github.yeonho1.Font-ViewerUITests";
				PRODUCT_NAME = "$(TARGET_NAME)";
				SWIFT_VERSION = 5.0;
				TEST_TARGET_NAME = "Font Viewer";
			};
			name = Release;
		};
/* End XCBuildConfiguration section */

/* Begin XCConfigurationList section */
		4A72C79B24B3593400CA7106 /* Build configuration list for PBXProject "Font Viewer" */ = {
			isa = XCConfigurationList;
			buildConfigurations = (
				4A72C7C424B3593600CA7106 /* Debug */,
				4A72C7C524B3593600CA7106 /* Release */,
			);
			defaultConfigurationIsVisible = 0;
			defaultConfigurationName = Release;
		};
		4A72C7C624B3593600CA7106 /* Build configuration list for PBXNativeTarget "Font Viewer" */ = {
			isa = XCConfigurationList;
			buildConfigurations = (
				4A72C7C724B3593600CA7106 /* Debug */,
				4A72C7C824B3593600CA7106 /* Release */,
			);
			defaultConfigurationIsVisible = 0;
			defaultConfigurationName = Release;
		};
		4A72C7C924B3593600CA7106 /* Build configuration list for PBXNativeTarget "Font ViewerTests" */ = {
			isa = XCConfigurationList;
			buildConfigurations = (
				4A72C7CA24B3593600CA7106 /* Debug */,
				4A72C7CB24B3593600CA7106 /* Release */,
			);
			defaultConfigurationIsVisible = 0;
			defaultConfigurationName = Release;
		};
		4A72C7CC24B3593600CA7106 /* Build configuration list for PBXNativeTarget "Font ViewerUITests" */ = {
			isa = XCConfigurationList;
			buildConfigurations = (
				4A72C7CD24B3593600CA7106 /* Debug */,
				4A72C7CE24B3593600CA7106 /* Release */,
			);
			defaultConfigurationIsVisible = 0;
			defaultConfigurationName = Release;
		};
/* End XCConfigurationList section */
	};
	rootObject = 4A72C79824B3593400CA7106 /* Project object */;
}
